
Microsoft Visual Studio Solution File, Format Version 12.00
# Visual Studio 15
VisualStudioVersion = 15.0.26403.7
MinimumVisualStudioVersion = 10.0.40219.1
Project("{FAE04EC0-301F-11D3-BF4B-00C04F79EFBC}") = "CesiumLanguageWriter", "CesiumLanguageWriter\CesiumLanguageWriter.csproj", "{085359F8-CC1D-4561-94C7-0BF067B8E370}"
EndProject
Project("{FAE04EC0-301F-11D3-BF4B-00C04F79EFBC}") = "CesiumLanguageWriterTests", "CesiumLanguageWriterTests\CesiumLanguageWriterTests.csproj", "{1D5CE515-81E3-47AE-8D02-3767DD8CB07E}"
EndProject
Project("{2150E333-8FDC-42A3-9474-1A3956D46DE8}") = "Schema", "Schema", "{04E49F4E-CD74-44F3-9A80-604BCA10FB67}"
	ProjectSection(SolutionItems) = preProject
		..\Schema\AlignedAxis.json = ..\Schema\AlignedAxis.json
		..\Schema\BackgroundPadding.json = ..\Schema\BackgroundPadding.json
		..\Schema\Billboard.json = ..\Schema\Billboard.json
		..\Schema\Boolean.json = ..\Schema\Boolean.json
		..\Schema\BooleanValue.json = ..\Schema\BooleanValue.json
		..\Schema\BoundingRectangle.json = ..\Schema\BoundingRectangle.json
		..\Schema\BoundingRectangleValue.json = ..\Schema\BoundingRectangleValue.json
		..\Schema\Box.json = ..\Schema\Box.json
		..\Schema\BoxDimensions.json = ..\Schema\BoxDimensions.json
		..\Schema\Cartesian2Value.json = ..\Schema\Cartesian2Value.json
		..\Schema\Cartesian3ListValue.json = ..\Schema\Cartesian3ListValue.json
		..\Schema\Cartesian3Value.json = ..\Schema\Cartesian3Value.json
		..\Schema\Cartesian3VelocityValue.json = ..\Schema\Cartesian3VelocityValue.json
		..\Schema\CartographicListValue.json = ..\Schema\CartographicListValue.json
		..\Schema\CartographicRectangleValue.json = ..\Schema\CartographicRectangleValue.json
		..\Schema\CartographicValue.json = ..\Schema\CartographicValue.json
		..\Schema\Clock.json = ..\Schema\Clock.json
		..\Schema\ClockRangeValue.json = ..\Schema\ClockRangeValue.json
		..\Schema\ClockStepValue.json = ..\Schema\ClockStepValue.json
		..\Schema\Color.json = ..\Schema\Color.json
		..\Schema\ColorBlendMode.json = ..\Schema\ColorBlendMode.json
		..\Schema\ColorBlendModeValue.json = ..\Schema\ColorBlendModeValue.json
		..\Schema\CornerType.json = ..\Schema\CornerType.json
		..\Schema\CornerTypeValue.json = ..\Schema\CornerTypeValue.json
		..\Schema\Corridor.json = ..\Schema\Corridor.json
		..\Schema\CustomProperties.json = ..\Schema\CustomProperties.json
		..\Schema\CustomProperty.json = ..\Schema\CustomProperty.json
		..\Schema\Cylinder.json = ..\Schema\Cylinder.json
		..\Schema\Direction.json = ..\Schema\Direction.json
		..\Schema\DirectionList.json = ..\Schema\DirectionList.json
		..\Schema\Document.json = ..\Schema\Document.json
		..\Schema\Double.json = ..\Schema\Double.json
		..\Schema\DoubleList.json = ..\Schema\DoubleList.json
		..\Schema\DoubleListValue.json = ..\Schema\DoubleListValue.json
		..\Schema\DoubleValue.json = ..\Schema\DoubleValue.json
		..\Schema\Ellipse.json = ..\Schema\Ellipse.json
		..\Schema\Ellipsoid.json = ..\Schema\Ellipsoid.json
		..\Schema\EllipsoidRadii.json = ..\Schema\EllipsoidRadii.json
		..\Schema\EyeOffset.json = ..\Schema\EyeOffset.json
		..\Schema\Font.json = ..\Schema\Font.json
		..\Schema\FontValue.json = ..\Schema\FontValue.json
		..\Schema\GridMaterial.json = ..\Schema\GridMaterial.json
		..\Schema\HeightReference.json = ..\Schema\HeightReference.json
		..\Schema\HeightReferenceValue.json = ..\Schema\HeightReferenceValue.json
		..\Schema\HorizontalOrigin.json = ..\Schema\HorizontalOrigin.json
		..\Schema\HorizontalOriginValue.json = ..\Schema\HorizontalOriginValue.json
		..\Schema\ImageMaterial.json = ..\Schema\ImageMaterial.json
		..\Schema\InterpolatableProperty.json = ..\Schema\InterpolatableProperty.json
		..\Schema\Label.json = ..\Schema\Label.json
		..\Schema\LabelStyle.json = ..\Schema\LabelStyle.json
		..\Schema\LabelStyleValue.json = ..\Schema\LabelStyleValue.json
		..\Schema\LineCount.json = ..\Schema\LineCount.json
		..\Schema\LineOffset.json = ..\Schema\LineOffset.json
		..\Schema\LineThickness.json = ..\Schema\LineThickness.json
		..\Schema\Material.json = ..\Schema\Material.json
		..\Schema\Model.json = ..\Schema\Model.json
		..\Schema\NearFarScalar.json = ..\Schema\NearFarScalar.json
		..\Schema\NearFarScalarValue.json = ..\Schema\NearFarScalarValue.json
		..\Schema\NodeTransformation.json = ..\Schema\NodeTransformation.json
		..\Schema\NodeTransformations.json = ..\Schema\NodeTransformations.json
		..\Schema\Orientation.json = ..\Schema\Orientation.json
		..\Schema\package.json = ..\Schema\package.json
		..\Schema\Packet.json = ..\Schema\Packet.json
		..\Schema\Path.json = ..\Schema\Path.json
		..\Schema\PixelOffset.json = ..\Schema\PixelOffset.json
		..\Schema\Point.json = ..\Schema\Point.json
		..\Schema\Polygon.json = ..\Schema\Polygon.json
		..\Schema\Polyline.json = ..\Schema\Polyline.json
		..\Schema\PolylineArrowMaterial.json = ..\Schema\PolylineArrowMaterial.json
		..\Schema\PolylineDashMaterial.json = ..\Schema\PolylineDashMaterial.json
		..\Schema\PolylineGlowMaterial.json = ..\Schema\PolylineGlowMaterial.json
		..\Schema\PolylineMaterial.json = ..\Schema\PolylineMaterial.json
		..\Schema\PolylineOutlineMaterial.json = ..\Schema\PolylineOutlineMaterial.json
		..\Schema\Position.json = ..\Schema\Position.json
		..\Schema\PositionList.json = ..\Schema\PositionList.json
		..\Schema\Rectangle.json = ..\Schema\Rectangle.json
		..\Schema\RectangleCoordinates.json = ..\Schema\RectangleCoordinates.json
		..\Schema\ReferenceListValue.json = ..\Schema\ReferenceListValue.json
		..\Schema\ReferenceValue.json = ..\Schema\ReferenceValue.json
		..\Schema\Repeat.json = ..\Schema\Repeat.json
		..\Schema\RgbafValue.json = ..\Schema\RgbafValue.json
		..\Schema\RgbaValue.json = ..\Schema\RgbaValue.json
		..\Schema\Rotation.json = ..\Schema\Rotation.json
		..\Schema\Scale.json = ..\Schema\Scale.json
		..\Schema\ShadowMode.json = ..\Schema\ShadowMode.json
		..\Schema\ShadowModeValue.json = ..\Schema\ShadowModeValue.json
		..\Schema\SolidColorMaterial.json = ..\Schema\SolidColorMaterial.json
		..\Schema\SphericalListValue.json = ..\Schema\SphericalListValue.json
		..\Schema\SphericalValue.json = ..\Schema\SphericalValue.json
		..\Schema\String.json = ..\Schema\String.json
		..\Schema\StringValue.json = ..\Schema\StringValue.json
		..\Schema\StripeMaterial.json = ..\Schema\StripeMaterial.json
		..\Schema\StripeOrientation.json = ..\Schema\StripeOrientation.json
		..\Schema\StripeOrientationValue.json = ..\Schema\StripeOrientationValue.json
		..\Schema\TimeIntervalCollectionValue.json = ..\Schema\TimeIntervalCollectionValue.json
		..\Schema\TimeIntervalValue.json = ..\Schema\TimeIntervalValue.json
		..\Schema\TimeValue.json = ..\Schema\TimeValue.json
		..\Schema\Translation.json = ..\Schema\Translation.json
		..\Schema\UnitCartesian3ListValue.json = ..\Schema\UnitCartesian3ListValue.json
		..\Schema\UnitCartesian3Value.json = ..\Schema\UnitCartesian3Value.json
		..\Schema\UnitQuaternionValue.json = ..\Schema\UnitQuaternionValue.json
		..\Schema\UnitSphericalListValue.json = ..\Schema\UnitSphericalListValue.json
		..\Schema\UnitSphericalValue.json = ..\Schema\UnitSphericalValue.json
		..\Schema\Uri.json = ..\Schema\Uri.json
		..\Schema\UriValue.json = ..\Schema\UriValue.json
		..\Schema\validate.js = ..\Schema\validate.js
		..\Schema\VerticalOrigin.json = ..\Schema\VerticalOrigin.json
		..\Schema\VerticalOriginValue.json = ..\Schema\VerticalOriginValue.json
		..\Schema\ViewFrom.json = ..\Schema\ViewFrom.json
		..\Schema\Wall.json = ..\Schema\Wall.json
	EndProjectSection
EndProject
Project("{FAE04EC0-301F-11D3-BF4B-00C04F79EFBC}") = "GenerateFromSchema", "GenerateFromSchema\GenerateFromSchema.csproj", "{6D67C4D1-C88F-440A-9820-580D030EAB4B}"
EndProject
Project("{2150E333-8FDC-42A3-9474-1A3956D46DE8}") = "Examples", "Examples", "{5E4C0F36-35DC-4ED8-91EC-EAAC109836A0}"
	ProjectSection(SolutionItems) = preProject
		..\Schema\Examples\Billboard.json = ..\Schema\Examples\Billboard.json
		..\Schema\Examples\BoundingRectangleValue.json = ..\Schema\Examples\BoundingRectangleValue.json
		..\Schema\Examples\BoundingRectangleValueSamples.json = ..\Schema\Examples\BoundingRectangleValueSamples.json
		..\Schema\Examples\Cartesian3Value.json = ..\Schema\Examples\Cartesian3Value.json
		..\Schema\Examples\Cartesian3ValueSamples.json = ..\Schema\Examples\Cartesian3ValueSamples.json
		..\Schema\Examples\CartographicRectangleValue.json = ..\Schema\Examples\CartographicRectangleValue.json
		..\Schema\Examples\CartographicRectangleValueSamples.json = ..\Schema\Examples\CartographicRectangleValueSamples.json
		..\Schema\Examples\CartographicValue.json = ..\Schema\Examples\CartographicValue.json
		..\Schema\Examples\CartographicValueSamples.json = ..\Schema\Examples\CartographicValueSamples.json
		..\Schema\Examples\Clock.json = ..\Schema\Examples\Clock.json
		..\Schema\Examples\DeletePacket.json = ..\Schema\Examples\DeletePacket.json
		..\Schema\Examples\DocumentPacket.json = ..\Schema\Examples\DocumentPacket.json
		..\Schema\Examples\ModelNodeTransformations.json = ..\Schema\Examples\ModelNodeTransformations.json
		..\Schema\Examples\NearFarScalarValue.json = ..\Schema\Examples\NearFarScalarValue.json
		..\Schema\Examples\NearFarScalarValueSamples.json = ..\Schema\Examples\NearFarScalarValueSamples.json
		..\Schema\Examples\NodeTransformations.json = ..\Schema\Examples\NodeTransformations.json
		..\Schema\Examples\Orientation.json = ..\Schema\Examples\Orientation.json
		..\Schema\Examples\OrientationSampled.json = ..\Schema\Examples\OrientationSampled.json
		..\Schema\Examples\Packet.json = ..\Schema\Examples\Packet.json
		..\Schema\Examples\PositionCartographicDegrees.json = ..\Schema\Examples\PositionCartographicDegrees.json
		..\Schema\Examples\PositionCartographicRadians.json = ..\Schema\Examples\PositionCartographicRadians.json
		..\Schema\Examples\ReferenceValue.json = ..\Schema\Examples\ReferenceValue.json
		..\Schema\Examples\Rotation.json = ..\Schema\Examples\Rotation.json
		..\Schema\Examples\RotationSampled.json = ..\Schema\Examples\RotationSampled.json
		..\Schema\Examples\SimplePosition.json = ..\Schema\Examples\SimplePosition.json
		..\Schema\Examples\TimeVaryingPosition.json = ..\Schema\Examples\TimeVaryingPosition.json
		..\Schema\Examples\UnitQuaternionValue.json = ..\Schema\Examples\UnitQuaternionValue.json
		..\Schema\Examples\UnitQuaternionValueSamples.json = ..\Schema\Examples\UnitQuaternionValueSamples.json
		..\Schema\Examples\Uri.json = ..\Schema\Examples\Uri.json
		..\Schema\Examples\UriValue.json = ..\Schema\Examples\UriValue.json
		..\Schema\Examples\UriValueData.json = ..\Schema\Examples\UriValueData.json
		..\Schema\Examples\ViewFrom.json = ..\Schema\Examples\ViewFrom.json
	EndProjectSection
EndProject
Project("{2150E333-8FDC-42A3-9474-1A3956D46DE8}") = "Extensions", "Extensions", "{F5502A67-ADA3-48EA-8DF8-19D7456AA44C}"
EndProject
Project("{2150E333-8FDC-42A3-9474-1A3956D46DE8}") = "AGI", "AGI", "{CF5572F1-2FF5-4169-AAAC-DE87E5C7F4B1}"
	ProjectSection(SolutionItems) = preProject
		..\Schema\Extensions\AGI\ConicSensor.json = ..\Schema\Extensions\AGI\ConicSensor.json
		..\Schema\Extensions\AGI\CustomPatternSensor.json = ..\Schema\Extensions\AGI\CustomPatternSensor.json
		..\Schema\Extensions\AGI\Fan.json = ..\Schema\Extensions\AGI\Fan.json
		..\Schema\Extensions\AGI\RectangularSensor.json = ..\Schema\Extensions\AGI\RectangularSensor.json
		..\Schema\Extensions\AGI\SensorVolumePortionToDisplay.json = ..\Schema\Extensions\AGI\SensorVolumePortionToDisplay.json
		..\Schema\Extensions\AGI\SensorVolumePortionToDisplayValue.json = ..\Schema\Extensions\AGI\SensorVolumePortionToDisplayValue.json
		..\Schema\Extensions\AGI\Vector.json = ..\Schema\Extensions\AGI\Vector.json
	EndProjectSection
EndProject
Project("{FAE04EC0-301F-11D3-BF4B-00C04F79EFBC}") = "ExampleCesiumLanguageServer", "ExampleCesiumLanguageServer\ExampleCesiumLanguageServer.csproj", "{1F1824FB-14DA-4666-BF30-5E9593D0DECD}"
	ProjectSection(ProjectDependencies) = postProject
		{085359F8-CC1D-4561-94C7-0BF067B8E370} = {085359F8-CC1D-4561-94C7-0BF067B8E370}
	EndProjectSection
EndProject
Global
	GlobalSection(SolutionConfigurationPlatforms) = preSolution
		Debug|Any CPU = Debug|Any CPU
		Release|Any CPU = Release|Any CPU
	EndGlobalSection
	GlobalSection(ProjectConfigurationPlatforms) = postSolution
		{085359F8-CC1D-4561-94C7-0BF067B8E370}.Debug|Any CPU.ActiveCfg = Debug|Any CPU
		{085359F8-CC1D-4561-94C7-0BF067B8E370}.Debug|Any CPU.Build.0 = Debug|Any CPU
		{085359F8-CC1D-4561-94C7-0BF067B8E370}.Release|Any CPU.ActiveCfg = Release|Any CPU
		{085359F8-CC1D-4561-94C7-0BF067B8E370}.Release|Any CPU.Build.0 = Release|Any CPU
		{1D5CE515-81E3-47AE-8D02-3767DD8CB07E}.Debug|Any CPU.ActiveCfg = Debug|Any CPU
		{1D5CE515-81E3-47AE-8D02-3767DD8CB07E}.Debug|Any CPU.Build.0 = Debug|Any CPU
		{1D5CE515-81E3-47AE-8D02-3767DD8CB07E}.Release|Any CPU.ActiveCfg = Release|Any CPU
		{1D5CE515-81E3-47AE-8D02-3767DD8CB07E}.Release|Any CPU.Build.0 = Release|Any CPU
		{6D67C4D1-C88F-440A-9820-580D030EAB4B}.Debug|Any CPU.ActiveCfg = Debug|Any CPU
		{6D67C4D1-C88F-440A-9820-580D030EAB4B}.Debug|Any CPU.Build.0 = Debug|Any CPU
		{6D67C4D1-C88F-440A-9820-580D030EAB4B}.Release|Any CPU.ActiveCfg = Release|Any CPU
		{6D67C4D1-C88F-440A-9820-580D030EAB4B}.Release|Any CPU.Build.0 = Release|Any CPU
		{1F1824FB-14DA-4666-BF30-5E9593D0DECD}.Debug|Any CPU.ActiveCfg = Debug|Any CPU
		{1F1824FB-14DA-4666-BF30-5E9593D0DECD}.Debug|Any CPU.Build.0 = Debug|Any CPU
		{1F1824FB-14DA-4666-BF30-5E9593D0DECD}.Release|Any CPU.ActiveCfg = Release|Any CPU
		{1F1824FB-14DA-4666-BF30-5E9593D0DECD}.Release|Any CPU.Build.0 = Release|Any CPU
	EndGlobalSection
	GlobalSection(SolutionProperties) = preSolution
		HideSolutionNode = FALSE
	EndGlobalSection
	GlobalSection(NestedProjects) = preSolution
		{5E4C0F36-35DC-4ED8-91EC-EAAC109836A0} = {04E49F4E-CD74-44F3-9A80-604BCA10FB67}
		{F5502A67-ADA3-48EA-8DF8-19D7456AA44C} = {04E49F4E-CD74-44F3-9A80-604BCA10FB67}
		{CF5572F1-2FF5-4169-AAAC-DE87E5C7F4B1} = {F5502A67-ADA3-48EA-8DF8-19D7456AA44C}
	EndGlobalSection
EndGlobal
