
Microsoft Visual Studio Solution File, Format Version 11.00
# Visual Studio 2010
Project("{FAE04EC0-301F-11D3-BF4B-00C04F79EFBC}") = "CesiumLanguageWriter", "CesiumLanguageWriter\CesiumLanguageWriter.csproj", "{085359F8-CC1D-4561-94C7-0BF067B8E370}"
EndProject
Project("{FAE04EC0-301F-11D3-BF4B-00C04F79EFBC}") = "CesiumLanguageWriterTests", "CesiumLanguageWriterTests\CesiumLanguageWriterTests.csproj", "{1D5CE515-81E3-47AE-8D02-3767DD8CB07E}"
EndProject
Project("{FAE04EC0-301F-11D3-BF4B-00C04F79EFBC}") = "KmlToCesiumLanguage", "KmlToCesiumLanguage\KmlToCesiumLanguage.csproj", "{A3F1CB98-2E69-4CDE-9A9F-8B93719F5621}"
EndProject
Global
	GlobalSection(SolutionConfigurationPlatforms) = preSolution
		Debug|Any CPU = Debug|Any CPU
		Release|Any CPU = Release|Any CPU
	EndGlobalSection
	GlobalSection(ProjectConfigurationPlatforms) = postSolution
		{085359F8-CC1D-4561-94C7-0BF067B8E370}.Debug|Any CPU.ActiveCfg = Debug|Any CPU
		{085359F8-CC1D-4561-94C7-0BF067B8E370}.Debug|Any CPU.Build.0 = Debug|Any CPU
		{085359F8-CC1D-4561-94C7-0BF067B8E370}.Release|Any CPU.ActiveCfg = Release|Any CPU
		{085359F8-CC1D-4561-94C7-0BF067B8E370}.Release|Any CPU.Build.0 = Release|Any CPU
		{1D5CE515-81E3-47AE-8D02-3767DD8CB07E}.Debug|Any CPU.ActiveCfg = Debug|Any CPU
		{1D5CE515-81E3-47AE-8D02-3767DD8CB07E}.Debug|Any CPU.Build.0 = Debug|Any CPU
		{1D5CE515-81E3-47AE-8D02-3767DD8CB07E}.Release|Any CPU.ActiveCfg = Release|Any CPU
		{1D5CE515-81E3-47AE-8D02-3767DD8CB07E}.Release|Any CPU.Build.0 = Release|Any CPU
		{A3F1CB98-2E69-4CDE-9A9F-8B93719F5621}.Debug|Any CPU.ActiveCfg = Debug|Any CPU
		{A3F1CB98-2E69-4CDE-9A9F-8B93719F5621}.Debug|Any CPU.Build.0 = Debug|Any CPU
		{A3F1CB98-2E69-4CDE-9A9F-8B93719F5621}.Release|Any CPU.ActiveCfg = Release|x86
	EndGlobalSection
	GlobalSection(SolutionProperties) = preSolution
		HideSolutionNode = FALSE
	EndGlobalSection
EndGlobal
