
Microsoft Visual Studio Solution File, Format Version 11.00
# Visual Studio 2010
Project("{FAE04EC0-301F-11D3-BF4B-00C04F79EFBC}") = "CesiumLanguageWriter", "CesiumLanguageWriter\CesiumLanguageWriter.csproj", "{085359F8-CC1D-4561-94C7-0BF067B8E370}"
EndProject
Project("{FAE04EC0-301F-11D3-BF4B-00C04F79EFBC}") = "CesiumLanguageWriterTests", "CesiumLanguageWriterTests\CesiumLanguageWriterTests.csproj", "{1D5CE515-81E3-47AE-8D02-3767DD8CB07E}"
EndProject
Project("{FAE04EC0-301F-11D3-BF4B-00C04F79EFBC}") = "KmlToCesiumLanguage", "KmlToCesiumLanguage\KmlToCesiumLanguage.csproj", "{A3F1CB98-2E69-4CDE-9A9F-8B93719F5621}"
EndProject
Project("{FAE04EC0-301F-11D3-BF4B-00C04F79EFBC}") = "KmlToCesiumLanguageTests", "KmlToCesiumLanguageTests\KmlToCesiumLanguageTests.csproj", "{FDDACCE4-CA40-458E-9134-EC8275D7DCC7}"
EndProject
Project("{2150E333-8FDC-42A3-9474-1A3956D46DE8}") = "Schema", "Schema", "{04E49F4E-CD74-44F3-9A80-604BCA10FB67}"
	ProjectSection(SolutionItems) = preProject
		..\Schema\Billboard.jsonschema = ..\Schema\Billboard.jsonschema
		..\Schema\Boolean.jsonschema = ..\Schema\Boolean.jsonschema
		..\Schema\BooleanValue.jsonschema = ..\Schema\BooleanValue.jsonschema
		..\Schema\Cartesian2Value.jsonschema = ..\Schema\Cartesian2Value.jsonschema
		..\Schema\Cartesian3Value.jsonschema = ..\Schema\Cartesian3Value.jsonschema
		..\Schema\CartographicValue.jsonschema = ..\Schema\CartographicValue.jsonschema
		..\Schema\Color.jsonschema = ..\Schema\Color.jsonschema
		..\Schema\Cone.jsonschema = ..\Schema\Cone.jsonschema
		..\Schema\Double.jsonschema = ..\Schema\Double.jsonschema
		..\Schema\DoubleValue.jsonschema = ..\Schema\DoubleValue.jsonschema
		..\Schema\EyeOffset.jsonschema = ..\Schema\EyeOffset.jsonschema
		..\Schema\HorizontalOrigin.jsonschema = ..\Schema\HorizontalOrigin.jsonschema
		..\Schema\HorizontalOriginValue.jsonschema = ..\Schema\HorizontalOriginValue.jsonschema
		..\Schema\Image.jsonschema = ..\Schema\Image.jsonschema
		..\Schema\ImageValue.jsonschema = ..\Schema\ImageValue.jsonschema
		..\Schema\InterpolatableProperty.jsonschema = ..\Schema\InterpolatableProperty.jsonschema
		..\Schema\Label.jsonschema = ..\Schema\Label.jsonschema
		..\Schema\Orientation.jsonschema = ..\Schema\Orientation.jsonschema
		..\Schema\Packet.jsonschema = ..\Schema\Packet.jsonschema
		..\Schema\Path.jsonschema = ..\Schema\Path.jsonschema
		..\Schema\PixelOffset.jsonschema = ..\Schema\PixelOffset.jsonschema
		..\Schema\Point.jsonschema = ..\Schema\Point.jsonschema
		..\Schema\Polygon.jsonschema = ..\Schema\Polygon.jsonschema
		..\Schema\Polyline.jsonschema = ..\Schema\Polyline.jsonschema
		..\Schema\Position.jsonschema = ..\Schema\Position.jsonschema
		..\Schema\Pyramid.jsonschema = ..\Schema\Pyramid.jsonschema
		..\Schema\RgbafValue.jsonschema = ..\Schema\RgbafValue.jsonschema
		..\Schema\RgbaValue.jsonschema = ..\Schema\RgbaValue.jsonschema
		..\Schema\TimeIntervalCollectionValue.jsonschema = ..\Schema\TimeIntervalCollectionValue.jsonschema
		..\Schema\TimeIntervalValue.jsonschema = ..\Schema\TimeIntervalValue.jsonschema
		..\Schema\Validator.html = ..\Schema\Validator.html
		..\Schema\VertexPositions.jsonschema = ..\Schema\VertexPositions.jsonschema
		..\Schema\VerticalOrigin.jsonschema = ..\Schema\VerticalOrigin.jsonschema
		..\Schema\VerticalOriginValue.jsonschema = ..\Schema\VerticalOriginValue.jsonschema
	EndProjectSection
EndProject
Project("{FAE04EC0-301F-11D3-BF4B-00C04F79EFBC}") = "GenerateFromSchema", "GenerateFromSchema\GenerateFromSchema.csproj", "{6D67C4D1-C88F-440A-9820-580D030EAB4B}"
EndProject
Project("{2150E333-8FDC-42A3-9474-1A3956D46DE8}") = "Examples", "Examples", "{5E4C0F36-35DC-4ED8-91EC-EAAC109836A0}"
	ProjectSection(SolutionItems) = preProject
		..\Schema\Examples\SimplePosition.json = ..\Schema\Examples\SimplePosition.json
		..\Schema\Examples\TimeVaryingPosition.json = ..\Schema\Examples\TimeVaryingPosition.json
	EndProjectSection
EndProject
Global
	GlobalSection(SolutionConfigurationPlatforms) = preSolution
		Debug|Any CPU = Debug|Any CPU
		Debug|Mixed Platforms = Debug|Mixed Platforms
		Debug|x86 = Debug|x86
		Release|Any CPU = Release|Any CPU
		Release|Mixed Platforms = Release|Mixed Platforms
		Release|x86 = Release|x86
	EndGlobalSection
	GlobalSection(ProjectConfigurationPlatforms) = postSolution
		{085359F8-CC1D-4561-94C7-0BF067B8E370}.Debug|Any CPU.ActiveCfg = Debug|Any CPU
		{085359F8-CC1D-4561-94C7-0BF067B8E370}.Debug|Any CPU.Build.0 = Debug|Any CPU
		{085359F8-CC1D-4561-94C7-0BF067B8E370}.Debug|Mixed Platforms.ActiveCfg = Debug|Any CPU
		{085359F8-CC1D-4561-94C7-0BF067B8E370}.Debug|Mixed Platforms.Build.0 = Debug|Any CPU
		{085359F8-CC1D-4561-94C7-0BF067B8E370}.Debug|x86.ActiveCfg = Debug|Any CPU
		{085359F8-CC1D-4561-94C7-0BF067B8E370}.Release|Any CPU.ActiveCfg = Release|Any CPU
		{085359F8-CC1D-4561-94C7-0BF067B8E370}.Release|Any CPU.Build.0 = Release|Any CPU
		{085359F8-CC1D-4561-94C7-0BF067B8E370}.Release|Mixed Platforms.ActiveCfg = Release|Any CPU
		{085359F8-CC1D-4561-94C7-0BF067B8E370}.Release|Mixed Platforms.Build.0 = Release|Any CPU
		{085359F8-CC1D-4561-94C7-0BF067B8E370}.Release|x86.ActiveCfg = Release|Any CPU
		{1D5CE515-81E3-47AE-8D02-3767DD8CB07E}.Debug|Any CPU.ActiveCfg = Debug|Any CPU
		{1D5CE515-81E3-47AE-8D02-3767DD8CB07E}.Debug|Any CPU.Build.0 = Debug|Any CPU
		{1D5CE515-81E3-47AE-8D02-3767DD8CB07E}.Debug|Mixed Platforms.ActiveCfg = Debug|Any CPU
		{1D5CE515-81E3-47AE-8D02-3767DD8CB07E}.Debug|Mixed Platforms.Build.0 = Debug|Any CPU
		{1D5CE515-81E3-47AE-8D02-3767DD8CB07E}.Debug|x86.ActiveCfg = Debug|Any CPU
		{1D5CE515-81E3-47AE-8D02-3767DD8CB07E}.Release|Any CPU.ActiveCfg = Release|Any CPU
		{1D5CE515-81E3-47AE-8D02-3767DD8CB07E}.Release|Any CPU.Build.0 = Release|Any CPU
		{1D5CE515-81E3-47AE-8D02-3767DD8CB07E}.Release|Mixed Platforms.ActiveCfg = Release|Any CPU
		{1D5CE515-81E3-47AE-8D02-3767DD8CB07E}.Release|Mixed Platforms.Build.0 = Release|Any CPU
		{1D5CE515-81E3-47AE-8D02-3767DD8CB07E}.Release|x86.ActiveCfg = Release|Any CPU
		{A3F1CB98-2E69-4CDE-9A9F-8B93719F5621}.Debug|Any CPU.ActiveCfg = Debug|Any CPU
		{A3F1CB98-2E69-4CDE-9A9F-8B93719F5621}.Debug|Any CPU.Build.0 = Debug|Any CPU
		{A3F1CB98-2E69-4CDE-9A9F-8B93719F5621}.Debug|Mixed Platforms.ActiveCfg = Debug|Any CPU
		{A3F1CB98-2E69-4CDE-9A9F-8B93719F5621}.Debug|Mixed Platforms.Build.0 = Debug|Any CPU
		{A3F1CB98-2E69-4CDE-9A9F-8B93719F5621}.Debug|x86.ActiveCfg = Debug|Any CPU
		{A3F1CB98-2E69-4CDE-9A9F-8B93719F5621}.Release|Any CPU.ActiveCfg = Release|Any CPU
		{A3F1CB98-2E69-4CDE-9A9F-8B93719F5621}.Release|Any CPU.Build.0 = Release|Any CPU
		{A3F1CB98-2E69-4CDE-9A9F-8B93719F5621}.Release|Mixed Platforms.ActiveCfg = Release|Any CPU
		{A3F1CB98-2E69-4CDE-9A9F-8B93719F5621}.Release|Mixed Platforms.Build.0 = Release|Any CPU
		{A3F1CB98-2E69-4CDE-9A9F-8B93719F5621}.Release|x86.ActiveCfg = Release|Any CPU
		{FDDACCE4-CA40-458E-9134-EC8275D7DCC7}.Debug|Any CPU.ActiveCfg = Debug|Any CPU
		{FDDACCE4-CA40-458E-9134-EC8275D7DCC7}.Debug|Any CPU.Build.0 = Debug|Any CPU
		{FDDACCE4-CA40-458E-9134-EC8275D7DCC7}.Debug|Mixed Platforms.ActiveCfg = Debug|Any CPU
		{FDDACCE4-CA40-458E-9134-EC8275D7DCC7}.Debug|Mixed Platforms.Build.0 = Debug|Any CPU
		{FDDACCE4-CA40-458E-9134-EC8275D7DCC7}.Debug|x86.ActiveCfg = Debug|Any CPU
		{FDDACCE4-CA40-458E-9134-EC8275D7DCC7}.Release|Any CPU.ActiveCfg = Release|Any CPU
		{FDDACCE4-CA40-458E-9134-EC8275D7DCC7}.Release|Any CPU.Build.0 = Release|Any CPU
		{FDDACCE4-CA40-458E-9134-EC8275D7DCC7}.Release|Mixed Platforms.ActiveCfg = Release|Any CPU
		{FDDACCE4-CA40-458E-9134-EC8275D7DCC7}.Release|Mixed Platforms.Build.0 = Release|Any CPU
		{FDDACCE4-CA40-458E-9134-EC8275D7DCC7}.Release|x86.ActiveCfg = Release|Any CPU
		{6D67C4D1-C88F-440A-9820-580D030EAB4B}.Debug|Any CPU.ActiveCfg = Debug|x86
		{6D67C4D1-C88F-440A-9820-580D030EAB4B}.Debug|Mixed Platforms.ActiveCfg = Debug|x86
		{6D67C4D1-C88F-440A-9820-580D030EAB4B}.Debug|Mixed Platforms.Build.0 = Debug|x86
		{6D67C4D1-C88F-440A-9820-580D030EAB4B}.Debug|x86.ActiveCfg = Debug|x86
		{6D67C4D1-C88F-440A-9820-580D030EAB4B}.Debug|x86.Build.0 = Debug|x86
		{6D67C4D1-C88F-440A-9820-580D030EAB4B}.Release|Any CPU.ActiveCfg = Release|x86
		{6D67C4D1-C88F-440A-9820-580D030EAB4B}.Release|Mixed Platforms.ActiveCfg = Release|x86
		{6D67C4D1-C88F-440A-9820-580D030EAB4B}.Release|Mixed Platforms.Build.0 = Release|x86
		{6D67C4D1-C88F-440A-9820-580D030EAB4B}.Release|x86.ActiveCfg = Release|x86
		{6D67C4D1-C88F-440A-9820-580D030EAB4B}.Release|x86.Build.0 = Release|x86
	EndGlobalSection
	GlobalSection(SolutionProperties) = preSolution
		HideSolutionNode = FALSE
	EndGlobalSection
	GlobalSection(NestedProjects) = preSolution
		{5E4C0F36-35DC-4ED8-91EC-EAAC109836A0} = {04E49F4E-CD74-44F3-9A80-604BCA10FB67}
	EndGlobalSection
EndGlobal
